
Microsoft Visual Studio Solution File, Format Version 12.00
# Visual Studio Version 17
VisualStudioVersion = 17.6.33815.320
MinimumVisualStudioVersion = 10.0.40219.1
Project("{FAE04EC0-301F-11D3-BF4B-00C04F79EFBC}") = "Database", "Database.csproj", "{14FF81EC-0ACF-40D7-A488-C4B9878EA547}"
EndProject
Global
	GlobalSection(SolutionConfigurationPlatforms) = preSolution
		Debug|Any CPU = Debug|Any CPU
		Release|Any CPU = Release|Any CPU
	EndGlobalSection
	GlobalSection(ProjectConfigurationPlatforms) = postSolution
		{14FF81EC-0ACF-40D7-A488-C4B9878EA547}.Debug|Any CPU.ActiveCfg = Debug|Any CPU
		{14FF81EC-0ACF-40D7-A488-C4B9878EA547}.Debug|Any CPU.Build.0 = Debug|Any CPU
		{14FF81EC-0ACF-40D7-A488-C4B9878EA547}.Release|Any CPU.ActiveCfg = Release|Any CPU
		{14FF81EC-0ACF-40D7-A488-C4B9878EA547}.Release|Any CPU.Build.0 = Release|Any CPU
	EndGlobalSection
	GlobalSection(SolutionProperties) = preSolution
		HideSolutionNode = FALSE
	EndGlobalSection
	GlobalSection(ExtensibilityGlobals) = postSolution
		SolutionGuid = {3CB4E2BD-CE8D-4DFF-8ACF-3BB1825B271A}
	EndGlobalSection
EndGlobal
